
Microsoft Visual Studio Solution File, Format Version 12.00
# Visual Studio Version 17
VisualStudioVersion = 17.3.32929.385
MinimumVisualStudioVersion = 10.0.40219.1
Project("{9A19103F-16F7-4668-BE54-9A1E7A4F7556}") = "INStock", "INStock\INStock.csproj", "{2BE4FF0F-0CBA-4E11-BAFB-3B12F1004823}"
EndProject
Project("{9A19103F-16F7-4668-BE54-9A1E7A4F7556}") = "INStock.Tests", "INStock.Tests\INStock.Tests.csproj", "{4762E302-C0D1-441B-98D7-C73F48AE6AA3}"
EndProject
Project("{9A19103F-16F7-4668-BE54-9A1E7A4F7556}") = "OnlineShopPromotions", "OnlineShopPromotions\OnlineShopPromotions.csproj", "{D951773F-85FA-4C92-BF65-F4107316F9B1}"
EndProject
Project("{9A19103F-16F7-4668-BE54-9A1E7A4F7556}") = "OnlineShopPromotions.Tests", "OnlineShopPromotions.Tests\OnlineShopPromotions.Tests.csproj", "{2CEF149C-3AC8-40ED-A135-DE29B904A930}"
EndProject
Project("{FAE04EC0-301F-11D3-BF4B-00C04F79EFBC}") = "Mocks", "Mocks\Mocks.csproj", "{45D87A25-F62D-4309-8BD7-94CBC92EA84C}"
EndProject
Global
	GlobalSection(SolutionConfigurationPlatforms) = preSolution
		Debug|Any CPU = Debug|Any CPU
		Release|Any CPU = Release|Any CPU
	EndGlobalSection
	GlobalSection(ProjectConfigurationPlatforms) = postSolution
		{2BE4FF0F-0CBA-4E11-BAFB-3B12F1004823}.Debug|Any CPU.ActiveCfg = Debug|Any CPU
		{2BE4FF0F-0CBA-4E11-BAFB-3B12F1004823}.Debug|Any CPU.Build.0 = Debug|Any CPU
		{2BE4FF0F-0CBA-4E11-BAFB-3B12F1004823}.Release|Any CPU.ActiveCfg = Release|Any CPU
		{2BE4FF0F-0CBA-4E11-BAFB-3B12F1004823}.Release|Any CPU.Build.0 = Release|Any CPU
		{4762E302-C0D1-441B-98D7-C73F48AE6AA3}.Debug|Any CPU.ActiveCfg = Debug|Any CPU
		{4762E302-C0D1-441B-98D7-C73F48AE6AA3}.Debug|Any CPU.Build.0 = Debug|Any CPU
		{4762E302-C0D1-441B-98D7-C73F48AE6AA3}.Release|Any CPU.ActiveCfg = Release|Any CPU
		{4762E302-C0D1-441B-98D7-C73F48AE6AA3}.Release|Any CPU.Build.0 = Release|Any CPU
		{D951773F-85FA-4C92-BF65-F4107316F9B1}.Debug|Any CPU.ActiveCfg = Debug|Any CPU
		{D951773F-85FA-4C92-BF65-F4107316F9B1}.Debug|Any CPU.Build.0 = Debug|Any CPU
		{D951773F-85FA-4C92-BF65-F4107316F9B1}.Release|Any CPU.ActiveCfg = Release|Any CPU
		{D951773F-85FA-4C92-BF65-F4107316F9B1}.Release|Any CPU.Build.0 = Release|Any CPU
		{2CEF149C-3AC8-40ED-A135-DE29B904A930}.Debug|Any CPU.ActiveCfg = Debug|Any CPU
		{2CEF149C-3AC8-40ED-A135-DE29B904A930}.Debug|Any CPU.Build.0 = Debug|Any CPU
		{2CEF149C-3AC8-40ED-A135-DE29B904A930}.Release|Any CPU.ActiveCfg = Release|Any CPU
		{2CEF149C-3AC8-40ED-A135-DE29B904A930}.Release|Any CPU.Build.0 = Release|Any CPU
		{45D87A25-F62D-4309-8BD7-94CBC92EA84C}.Debug|Any CPU.ActiveCfg = Debug|Any CPU
		{45D87A25-F62D-4309-8BD7-94CBC92EA84C}.Debug|Any CPU.Build.0 = Debug|Any CPU
		{45D87A25-F62D-4309-8BD7-94CBC92EA84C}.Release|Any CPU.ActiveCfg = Release|Any CPU
		{45D87A25-F62D-4309-8BD7-94CBC92EA84C}.Release|Any CPU.Build.0 = Release|Any CPU
	EndGlobalSection
	GlobalSection(SolutionProperties) = preSolution
		HideSolutionNode = FALSE
	EndGlobalSection
	GlobalSection(ExtensibilityGlobals) = postSolution
		SolutionGuid = {AAD5C280-D6A4-406C-A949-E5DF9ACDE2EE}
	EndGlobalSection
EndGlobal
