
Microsoft Visual Studio Solution File, Format Version 12.00
# Visual Studio Version 17
VisualStudioVersion = 17.11.35222.181
MinimumVisualStudioVersion = 10.0.40219.1
Project("{9A19103F-16F7-4668-BE54-9A1E7A4F7556}") = "FluentInterface", "FluentInterface\FluentInterface.csproj", "{70074731-C950-4062-BABE-52A08A666AD5}"
EndProject
Project("{9A19103F-16F7-4668-BE54-9A1E7A4F7556}") = "Singleton", "Singleton\Singleton.csproj", "{C4D7D840-7D31-4581-AFC0-1161E86CA4BC}"
EndProject
Project("{9A19103F-16F7-4668-BE54-9A1E7A4F7556}") = "Cloneable", "Cloneable\Cloneable.csproj", "{64E68805-B114-4CED-895B-336DF1F328F6}"
EndProject
Project("{FAE04EC0-301F-11D3-BF4B-00C04F79EFBC}") = "CompositePattern", "CompositePattern\CompositePattern.csproj", "{519BC7FD-35C6-4F07-8ECA-66A3EDA4685B}"
EndProject
Project("{FAE04EC0-301F-11D3-BF4B-00C04F79EFBC}") = "CommandPattern", "CommandPattern\CommandPattern.csproj", "{9CE9997C-10B1-4F92-951B-DC53C0EB382C}"
EndProject
Global
	GlobalSection(SolutionConfigurationPlatforms) = preSolution
		Debug|Any CPU = Debug|Any CPU
		Release|Any CPU = Release|Any CPU
	EndGlobalSection
	GlobalSection(ProjectConfigurationPlatforms) = postSolution
		{70074731-C950-4062-BABE-52A08A666AD5}.Debug|Any CPU.ActiveCfg = Debug|Any CPU
		{70074731-C950-4062-BABE-52A08A666AD5}.Debug|Any CPU.Build.0 = Debug|Any CPU
		{70074731-C950-4062-BABE-52A08A666AD5}.Release|Any CPU.ActiveCfg = Release|Any CPU
		{70074731-C950-4062-BABE-52A08A666AD5}.Release|Any CPU.Build.0 = Release|Any CPU
		{C4D7D840-7D31-4581-AFC0-1161E86CA4BC}.Debug|Any CPU.ActiveCfg = Debug|Any CPU
		{C4D7D840-7D31-4581-AFC0-1161E86CA4BC}.Debug|Any CPU.Build.0 = Debug|Any CPU
		{C4D7D840-7D31-4581-AFC0-1161E86CA4BC}.Release|Any CPU.ActiveCfg = Release|Any CPU
		{C4D7D840-7D31-4581-AFC0-1161E86CA4BC}.Release|Any CPU.Build.0 = Release|Any CPU
		{64E68805-B114-4CED-895B-336DF1F328F6}.Debug|Any CPU.ActiveCfg = Debug|Any CPU
		{64E68805-B114-4CED-895B-336DF1F328F6}.Debug|Any CPU.Build.0 = Debug|Any CPU
		{64E68805-B114-4CED-895B-336DF1F328F6}.Release|Any CPU.ActiveCfg = Release|Any CPU
		{64E68805-B114-4CED-895B-336DF1F328F6}.Release|Any CPU.Build.0 = Release|Any CPU
		{519BC7FD-35C6-4F07-8ECA-66A3EDA4685B}.Debug|Any CPU.ActiveCfg = Debug|Any CPU
		{519BC7FD-35C6-4F07-8ECA-66A3EDA4685B}.Debug|Any CPU.Build.0 = Debug|Any CPU
		{519BC7FD-35C6-4F07-8ECA-66A3EDA4685B}.Release|Any CPU.ActiveCfg = Release|Any CPU
		{519BC7FD-35C6-4F07-8ECA-66A3EDA4685B}.Release|Any CPU.Build.0 = Release|Any CPU
		{9CE9997C-10B1-4F92-951B-DC53C0EB382C}.Debug|Any CPU.ActiveCfg = Debug|Any CPU
		{9CE9997C-10B1-4F92-951B-DC53C0EB382C}.Debug|Any CPU.Build.0 = Debug|Any CPU
		{9CE9997C-10B1-4F92-951B-DC53C0EB382C}.Release|Any CPU.ActiveCfg = Release|Any CPU
		{9CE9997C-10B1-4F92-951B-DC53C0EB382C}.Release|Any CPU.Build.0 = Release|Any CPU
	EndGlobalSection
	GlobalSection(SolutionProperties) = preSolution
		HideSolutionNode = FALSE
	EndGlobalSection
	GlobalSection(ExtensibilityGlobals) = postSolution
		SolutionGuid = {C66DF8A5-6DB6-476C-A33C-209E5EA9F4AB}
	EndGlobalSection
EndGlobal
