
Microsoft Visual Studio Solution File, Format Version 12.00
# Visual Studio Version 17
VisualStudioVersion = 17.10.35027.167
MinimumVisualStudioVersion = 10.0.40219.1
Project("{9A19103F-16F7-4668-BE54-9A1E7A4F7556}") = "FirstExample", "FirstExample\FirstExample.csproj", "{D78349EB-39F0-4B42-B924-B6CCBE24E08F}"
EndProject
Project("{9A19103F-16F7-4668-BE54-9A1E7A4F7556}") = "SquareRoot", "SquareRoot\SquareRoot.csproj", "{390C6CA6-F909-4946-B494-30C99F40BD76}"
EndProject
Project("{9A19103F-16F7-4668-BE54-9A1E7A4F7556}") = "EnterNumbers", "EnterNumbers\EnterNumbers.csproj", "{0561F4E4-513D-4E81-B9AB-245BFC73DFD2}"
EndProject
Project("{9A19103F-16F7-4668-BE54-9A1E7A4F7556}") = "Cards", "Cards\Cards.csproj", "{0C42E419-92D8-4A57-BFF3-9FA28CE0D3AD}"
EndProject
Project("{9A19103F-16F7-4668-BE54-9A1E7A4F7556}") = "SumOfIntegers", "SumOfIntegers\SumOfIntegers.csproj", "{06C41C33-F038-4FBC-8861-718F98217392}"
EndProject
Project("{9A19103F-16F7-4668-BE54-9A1E7A4F7556}") = "PlayCatch", "PlayCatch\PlayCatch.csproj", "{DF3F150C-607E-45AC-B81A-AA34692E122A}"
EndProject
Project("{FAE04EC0-301F-11D3-BF4B-00C04F79EFBC}") = "MoneyTransactions", "MoneyTransactions\MoneyTransactions.csproj", "{0FFB1E5F-EF67-4E76-A579-22A00BE3050C}"
EndProject
Global
	GlobalSection(SolutionConfigurationPlatforms) = preSolution
		Debug|Any CPU = Debug|Any CPU
		Release|Any CPU = Release|Any CPU
	EndGlobalSection
	GlobalSection(ProjectConfigurationPlatforms) = postSolution
		{D78349EB-39F0-4B42-B924-B6CCBE24E08F}.Debug|Any CPU.ActiveCfg = Debug|Any CPU
		{D78349EB-39F0-4B42-B924-B6CCBE24E08F}.Debug|Any CPU.Build.0 = Debug|Any CPU
		{D78349EB-39F0-4B42-B924-B6CCBE24E08F}.Release|Any CPU.ActiveCfg = Release|Any CPU
		{D78349EB-39F0-4B42-B924-B6CCBE24E08F}.Release|Any CPU.Build.0 = Release|Any CPU
		{390C6CA6-F909-4946-B494-30C99F40BD76}.Debug|Any CPU.ActiveCfg = Debug|Any CPU
		{390C6CA6-F909-4946-B494-30C99F40BD76}.Debug|Any CPU.Build.0 = Debug|Any CPU
		{390C6CA6-F909-4946-B494-30C99F40BD76}.Release|Any CPU.ActiveCfg = Release|Any CPU
		{390C6CA6-F909-4946-B494-30C99F40BD76}.Release|Any CPU.Build.0 = Release|Any CPU
		{0561F4E4-513D-4E81-B9AB-245BFC73DFD2}.Debug|Any CPU.ActiveCfg = Debug|Any CPU
		{0561F4E4-513D-4E81-B9AB-245BFC73DFD2}.Debug|Any CPU.Build.0 = Debug|Any CPU
		{0561F4E4-513D-4E81-B9AB-245BFC73DFD2}.Release|Any CPU.ActiveCfg = Release|Any CPU
		{0561F4E4-513D-4E81-B9AB-245BFC73DFD2}.Release|Any CPU.Build.0 = Release|Any CPU
		{0C42E419-92D8-4A57-BFF3-9FA28CE0D3AD}.Debug|Any CPU.ActiveCfg = Debug|Any CPU
		{0C42E419-92D8-4A57-BFF3-9FA28CE0D3AD}.Debug|Any CPU.Build.0 = Debug|Any CPU
		{0C42E419-92D8-4A57-BFF3-9FA28CE0D3AD}.Release|Any CPU.ActiveCfg = Release|Any CPU
		{0C42E419-92D8-4A57-BFF3-9FA28CE0D3AD}.Release|Any CPU.Build.0 = Release|Any CPU
		{06C41C33-F038-4FBC-8861-718F98217392}.Debug|Any CPU.ActiveCfg = Debug|Any CPU
		{06C41C33-F038-4FBC-8861-718F98217392}.Debug|Any CPU.Build.0 = Debug|Any CPU
		{06C41C33-F038-4FBC-8861-718F98217392}.Release|Any CPU.ActiveCfg = Release|Any CPU
		{06C41C33-F038-4FBC-8861-718F98217392}.Release|Any CPU.Build.0 = Release|Any CPU
		{DF3F150C-607E-45AC-B81A-AA34692E122A}.Debug|Any CPU.ActiveCfg = Debug|Any CPU
		{DF3F150C-607E-45AC-B81A-AA34692E122A}.Debug|Any CPU.Build.0 = Debug|Any CPU
		{DF3F150C-607E-45AC-B81A-AA34692E122A}.Release|Any CPU.ActiveCfg = Release|Any CPU
		{DF3F150C-607E-45AC-B81A-AA34692E122A}.Release|Any CPU.Build.0 = Release|Any CPU
		{0FFB1E5F-EF67-4E76-A579-22A00BE3050C}.Debug|Any CPU.ActiveCfg = Debug|Any CPU
		{0FFB1E5F-EF67-4E76-A579-22A00BE3050C}.Debug|Any CPU.Build.0 = Debug|Any CPU
		{0FFB1E5F-EF67-4E76-A579-22A00BE3050C}.Release|Any CPU.ActiveCfg = Release|Any CPU
		{0FFB1E5F-EF67-4E76-A579-22A00BE3050C}.Release|Any CPU.Build.0 = Release|Any CPU
	EndGlobalSection
	GlobalSection(SolutionProperties) = preSolution
		HideSolutionNode = FALSE
	EndGlobalSection
	GlobalSection(ExtensibilityGlobals) = postSolution
		SolutionGuid = {FD026975-2DD4-47BC-A1B2-DE3F30D41CC6}
	EndGlobalSection
EndGlobal
