
Microsoft Visual Studio Solution File, Format Version 12.00
# Visual Studio Version 17
VisualStudioVersion = 17.10.35122.118
MinimumVisualStudioVersion = 10.0.40219.1
Project("{FAE04EC0-301F-11D3-BF4B-00C04F79EFBC}") = "Stealer", "Stealer\Stealer.csproj", "{77497439-E08A-4270-B9C2-6B43CDE43490}"
EndProject
Project("{FAE04EC0-301F-11D3-BF4B-00C04F79EFBC}") = "AuthorProblem", "AuthorProblem\AuthorProblem.csproj", "{FC1C22A6-3653-447D-92CA-A404E342B033}"
EndProject
Global
	GlobalSection(SolutionConfigurationPlatforms) = preSolution
		Debug|Any CPU = Debug|Any CPU
		Release|Any CPU = Release|Any CPU
	EndGlobalSection
	GlobalSection(ProjectConfigurationPlatforms) = postSolution
		{77497439-E08A-4270-B9C2-6B43CDE43490}.Debug|Any CPU.ActiveCfg = Debug|Any CPU
		{77497439-E08A-4270-B9C2-6B43CDE43490}.Debug|Any CPU.Build.0 = Debug|Any CPU
		{77497439-E08A-4270-B9C2-6B43CDE43490}.Release|Any CPU.ActiveCfg = Release|Any CPU
		{77497439-E08A-4270-B9C2-6B43CDE43490}.Release|Any CPU.Build.0 = Release|Any CPU
		{FC1C22A6-3653-447D-92CA-A404E342B033}.Debug|Any CPU.ActiveCfg = Debug|Any CPU
		{FC1C22A6-3653-447D-92CA-A404E342B033}.Debug|Any CPU.Build.0 = Debug|Any CPU
		{FC1C22A6-3653-447D-92CA-A404E342B033}.Release|Any CPU.ActiveCfg = Release|Any CPU
		{FC1C22A6-3653-447D-92CA-A404E342B033}.Release|Any CPU.Build.0 = Release|Any CPU
	EndGlobalSection
	GlobalSection(SolutionProperties) = preSolution
		HideSolutionNode = FALSE
	EndGlobalSection
	GlobalSection(ExtensibilityGlobals) = postSolution
		SolutionGuid = {4D1E2854-89C0-4066-B020-8F5D392990E9}
	EndGlobalSection
EndGlobal
