
Microsoft Visual Studio Solution File, Format Version 12.00
# Visual Studio Version 17
VisualStudioVersion = 17.10.35013.160
MinimumVisualStudioVersion = 10.0.40219.1
Project("{9A19103F-16F7-4668-BE54-9A1E7A4F7556}") = "Chess", "Example\Chess.csproj", "{A9F9A874-5B03-477B-99B6-729C0E9D7938}"
EndProject
Project("{FAE04EC0-301F-11D3-BF4B-00C04F79EFBC}") = "Shapes", "Shapes\Shapes.csproj", "{6B23358C-7950-4B1A-89CA-D4644243DE05}"
EndProject
Project("{FAE04EC0-301F-11D3-BF4B-00C04F79EFBC}") = "Cars", "Cars\Cars.csproj", "{2F885273-7688-456A-868F-003283964892}"
EndProject
Global
	GlobalSection(SolutionConfigurationPlatforms) = preSolution
		Debug|Any CPU = Debug|Any CPU
		Release|Any CPU = Release|Any CPU
	EndGlobalSection
	GlobalSection(ProjectConfigurationPlatforms) = postSolution
		{A9F9A874-5B03-477B-99B6-729C0E9D7938}.Debug|Any CPU.ActiveCfg = Debug|Any CPU
		{A9F9A874-5B03-477B-99B6-729C0E9D7938}.Debug|Any CPU.Build.0 = Debug|Any CPU
		{A9F9A874-5B03-477B-99B6-729C0E9D7938}.Release|Any CPU.ActiveCfg = Release|Any CPU
		{A9F9A874-5B03-477B-99B6-729C0E9D7938}.Release|Any CPU.Build.0 = Release|Any CPU
		{6B23358C-7950-4B1A-89CA-D4644243DE05}.Debug|Any CPU.ActiveCfg = Debug|Any CPU
		{6B23358C-7950-4B1A-89CA-D4644243DE05}.Debug|Any CPU.Build.0 = Debug|Any CPU
		{6B23358C-7950-4B1A-89CA-D4644243DE05}.Release|Any CPU.ActiveCfg = Release|Any CPU
		{6B23358C-7950-4B1A-89CA-D4644243DE05}.Release|Any CPU.Build.0 = Release|Any CPU
		{2F885273-7688-456A-868F-003283964892}.Debug|Any CPU.ActiveCfg = Debug|Any CPU
		{2F885273-7688-456A-868F-003283964892}.Debug|Any CPU.Build.0 = Debug|Any CPU
		{2F885273-7688-456A-868F-003283964892}.Release|Any CPU.ActiveCfg = Release|Any CPU
		{2F885273-7688-456A-868F-003283964892}.Release|Any CPU.Build.0 = Release|Any CPU
	EndGlobalSection
	GlobalSection(SolutionProperties) = preSolution
		HideSolutionNode = FALSE
	EndGlobalSection
	GlobalSection(ExtensibilityGlobals) = postSolution
		SolutionGuid = {484BA869-9C36-4389-B5B5-40FF82298E9F}
	EndGlobalSection
EndGlobal
